
Microsoft Visual Studio Solution File, Format Version 12.00
# Visual Studio 14
VisualStudioVersion = 14.0.22823.1
MinimumVisualStudioVersion = 10.0.40219.1
Project("{F184B08F-C81C-45F6-A57F-5ABD9991F28F}") = "MRViewModelLibrary", "MRViewModelLibrary\MRViewModelLibrary.vbproj", "{325BE318-3E92-4BDD-8EDB-4AA3CA240594}"
EndProject
Project("{FAE04EC0-301F-11D3-BF4B-00C04F79EFBC}") = "MRWebApiSelfHost", "MRWebApiSelfHost\MRWebApiSelfHost.csproj", "{92F6DC3A-C7ED-42AF-A821-F65651002266}"
EndProject
Project("{F184B08F-C81C-45F6-A57F-5ABD9991F28F}") = "MeterReaderMvvmForms", "MeterReaderMvvmForms\MeterReaderMvvmForms.vbproj", "{4A66A33E-F71C-46A0-AEF9-2D4E7B67E1DD}"
EndProject
Project("{F184B08F-C81C-45F6-A57F-5ABD9991F28F}") = "MvvmFormsWebApiClientSupport", "..\..\EFLWebApiClientSupport\MvvmFormsWebApiClientSupport.vbproj", "{D8936E28-392E-439D-A036-005722122CF5}"
EndProject
Project("{FAE04EC0-301F-11D3-BF4B-00C04F79EFBC}") = "MrModelLibrary", "MrModelLibrary\MrModelLibrary.csproj", "{1E3AF1EC-AF15-4639-9E67-4CE45D1B4987}"
EndProject
Project("{F184B08F-C81C-45F6-A57F-5ABD9991F28F}") = "MvvmForms", "..\..\Core\MvvmForms.vbproj", "{048EFA6C-B9FB-441E-9432-1F72B332856C}"
EndProject
Global
	GlobalSection(SolutionConfigurationPlatforms) = preSolution
		Debug|Any CPU = Debug|Any CPU
		Debug|x86 = Debug|x86
		DebugWork|Any CPU = DebugWork|Any CPU
		DebugWork|x86 = DebugWork|x86
		Release|Any CPU = Release|Any CPU
		Release|x86 = Release|x86
	EndGlobalSection
	GlobalSection(ProjectConfigurationPlatforms) = postSolution
		{325BE318-3E92-4BDD-8EDB-4AA3CA240594}.Debug|Any CPU.ActiveCfg = Debug|Any CPU
		{325BE318-3E92-4BDD-8EDB-4AA3CA240594}.Debug|Any CPU.Build.0 = Debug|Any CPU
		{325BE318-3E92-4BDD-8EDB-4AA3CA240594}.Debug|x86.ActiveCfg = Debug|Any CPU
		{325BE318-3E92-4BDD-8EDB-4AA3CA240594}.Debug|x86.Build.0 = Debug|Any CPU
		{325BE318-3E92-4BDD-8EDB-4AA3CA240594}.DebugWork|Any CPU.ActiveCfg = Debug|Any CPU
		{325BE318-3E92-4BDD-8EDB-4AA3CA240594}.DebugWork|Any CPU.Build.0 = Debug|Any CPU
		{325BE318-3E92-4BDD-8EDB-4AA3CA240594}.DebugWork|x86.ActiveCfg = Debug|Any CPU
		{325BE318-3E92-4BDD-8EDB-4AA3CA240594}.DebugWork|x86.Build.0 = Debug|Any CPU
		{325BE318-3E92-4BDD-8EDB-4AA3CA240594}.Release|Any CPU.ActiveCfg = Release|Any CPU
		{325BE318-3E92-4BDD-8EDB-4AA3CA240594}.Release|Any CPU.Build.0 = Release|Any CPU
		{325BE318-3E92-4BDD-8EDB-4AA3CA240594}.Release|x86.ActiveCfg = Release|Any CPU
		{325BE318-3E92-4BDD-8EDB-4AA3CA240594}.Release|x86.Build.0 = Release|Any CPU
		{92F6DC3A-C7ED-42AF-A821-F65651002266}.Debug|Any CPU.ActiveCfg = Debug|Any CPU
		{92F6DC3A-C7ED-42AF-A821-F65651002266}.Debug|Any CPU.Build.0 = Debug|Any CPU
		{92F6DC3A-C7ED-42AF-A821-F65651002266}.Debug|x86.ActiveCfg = Debug|Any CPU
		{92F6DC3A-C7ED-42AF-A821-F65651002266}.Debug|x86.Build.0 = Debug|Any CPU
		{92F6DC3A-C7ED-42AF-A821-F65651002266}.DebugWork|Any CPU.ActiveCfg = Debug|Any CPU
		{92F6DC3A-C7ED-42AF-A821-F65651002266}.DebugWork|Any CPU.Build.0 = Debug|Any CPU
		{92F6DC3A-C7ED-42AF-A821-F65651002266}.DebugWork|x86.ActiveCfg = Debug|Any CPU
		{92F6DC3A-C7ED-42AF-A821-F65651002266}.DebugWork|x86.Build.0 = Debug|Any CPU
		{92F6DC3A-C7ED-42AF-A821-F65651002266}.Release|Any CPU.ActiveCfg = Release|Any CPU
		{92F6DC3A-C7ED-42AF-A821-F65651002266}.Release|Any CPU.Build.0 = Release|Any CPU
		{92F6DC3A-C7ED-42AF-A821-F65651002266}.Release|x86.ActiveCfg = Release|Any CPU
		{92F6DC3A-C7ED-42AF-A821-F65651002266}.Release|x86.Build.0 = Release|Any CPU
		{4A66A33E-F71C-46A0-AEF9-2D4E7B67E1DD}.Debug|Any CPU.ActiveCfg = Debug|Any CPU
		{4A66A33E-F71C-46A0-AEF9-2D4E7B67E1DD}.Debug|Any CPU.Build.0 = Debug|Any CPU
		{4A66A33E-F71C-46A0-AEF9-2D4E7B67E1DD}.Debug|x86.ActiveCfg = Debug|Any CPU
		{4A66A33E-F71C-46A0-AEF9-2D4E7B67E1DD}.Debug|x86.Build.0 = Debug|Any CPU
		{4A66A33E-F71C-46A0-AEF9-2D4E7B67E1DD}.DebugWork|Any CPU.ActiveCfg = Debug|Any CPU
		{4A66A33E-F71C-46A0-AEF9-2D4E7B67E1DD}.DebugWork|Any CPU.Build.0 = Debug|Any CPU
		{4A66A33E-F71C-46A0-AEF9-2D4E7B67E1DD}.DebugWork|x86.ActiveCfg = Debug|Any CPU
		{4A66A33E-F71C-46A0-AEF9-2D4E7B67E1DD}.DebugWork|x86.Build.0 = Debug|Any CPU
		{4A66A33E-F71C-46A0-AEF9-2D4E7B67E1DD}.Release|Any CPU.ActiveCfg = Release|Any CPU
		{4A66A33E-F71C-46A0-AEF9-2D4E7B67E1DD}.Release|Any CPU.Build.0 = Release|Any CPU
		{4A66A33E-F71C-46A0-AEF9-2D4E7B67E1DD}.Release|x86.ActiveCfg = Release|Any CPU
		{4A66A33E-F71C-46A0-AEF9-2D4E7B67E1DD}.Release|x86.Build.0 = Release|Any CPU
		{D8936E28-392E-439D-A036-005722122CF5}.Debug|Any CPU.ActiveCfg = Debug|Any CPU
		{D8936E28-392E-439D-A036-005722122CF5}.Debug|Any CPU.Build.0 = Debug|Any CPU
		{D8936E28-392E-439D-A036-005722122CF5}.Debug|x86.ActiveCfg = Debug|Any CPU
		{D8936E28-392E-439D-A036-005722122CF5}.Debug|x86.Build.0 = Debug|Any CPU
		{D8936E28-392E-439D-A036-005722122CF5}.DebugWork|Any CPU.ActiveCfg = Debug|Any CPU
		{D8936E28-392E-439D-A036-005722122CF5}.DebugWork|Any CPU.Build.0 = Debug|Any CPU
		{D8936E28-392E-439D-A036-005722122CF5}.DebugWork|x86.ActiveCfg = Debug|Any CPU
		{D8936E28-392E-439D-A036-005722122CF5}.DebugWork|x86.Build.0 = Debug|Any CPU
		{D8936E28-392E-439D-A036-005722122CF5}.Release|Any CPU.ActiveCfg = Release|Any CPU
		{D8936E28-392E-439D-A036-005722122CF5}.Release|Any CPU.Build.0 = Release|Any CPU
		{D8936E28-392E-439D-A036-005722122CF5}.Release|x86.ActiveCfg = Release|Any CPU
		{D8936E28-392E-439D-A036-005722122CF5}.Release|x86.Build.0 = Release|Any CPU
		{1E3AF1EC-AF15-4639-9E67-4CE45D1B4987}.Debug|Any CPU.ActiveCfg = Debug|Any CPU
		{1E3AF1EC-AF15-4639-9E67-4CE45D1B4987}.Debug|Any CPU.Build.0 = Debug|Any CPU
		{1E3AF1EC-AF15-4639-9E67-4CE45D1B4987}.Debug|x86.ActiveCfg = Debug|Any CPU
		{1E3AF1EC-AF15-4639-9E67-4CE45D1B4987}.Debug|x86.Build.0 = Debug|Any CPU
		{1E3AF1EC-AF15-4639-9E67-4CE45D1B4987}.DebugWork|Any CPU.ActiveCfg = Debug|Any CPU
		{1E3AF1EC-AF15-4639-9E67-4CE45D1B4987}.DebugWork|Any CPU.Build.0 = Debug|Any CPU
		{1E3AF1EC-AF15-4639-9E67-4CE45D1B4987}.DebugWork|x86.ActiveCfg = Debug|Any CPU
		{1E3AF1EC-AF15-4639-9E67-4CE45D1B4987}.DebugWork|x86.Build.0 = Debug|Any CPU
		{1E3AF1EC-AF15-4639-9E67-4CE45D1B4987}.Release|Any CPU.ActiveCfg = Release|Any CPU
		{1E3AF1EC-AF15-4639-9E67-4CE45D1B4987}.Release|Any CPU.Build.0 = Release|Any CPU
		{1E3AF1EC-AF15-4639-9E67-4CE45D1B4987}.Release|x86.ActiveCfg = Release|Any CPU
		{1E3AF1EC-AF15-4639-9E67-4CE45D1B4987}.Release|x86.Build.0 = Release|Any CPU
		{048EFA6C-B9FB-441E-9432-1F72B332856C}.Debug|Any CPU.ActiveCfg = Debug|Any CPU
		{048EFA6C-B9FB-441E-9432-1F72B332856C}.Debug|Any CPU.Build.0 = Debug|Any CPU
		{048EFA6C-B9FB-441E-9432-1F72B332856C}.Debug|x86.ActiveCfg = Debug|x86
		{048EFA6C-B9FB-441E-9432-1F72B332856C}.Debug|x86.Build.0 = Debug|x86
		{048EFA6C-B9FB-441E-9432-1F72B332856C}.DebugWork|Any CPU.ActiveCfg = DebugWork|Any CPU
		{048EFA6C-B9FB-441E-9432-1F72B332856C}.DebugWork|Any CPU.Build.0 = DebugWork|Any CPU
		{048EFA6C-B9FB-441E-9432-1F72B332856C}.DebugWork|x86.ActiveCfg = DebugWork|x86
		{048EFA6C-B9FB-441E-9432-1F72B332856C}.DebugWork|x86.Build.0 = DebugWork|x86
		{048EFA6C-B9FB-441E-9432-1F72B332856C}.Release|Any CPU.ActiveCfg = Release|Any CPU
		{048EFA6C-B9FB-441E-9432-1F72B332856C}.Release|Any CPU.Build.0 = Release|Any CPU
		{048EFA6C-B9FB-441E-9432-1F72B332856C}.Release|x86.ActiveCfg = Release|x86
		{048EFA6C-B9FB-441E-9432-1F72B332856C}.Release|x86.Build.0 = Release|x86
	EndGlobalSection
	GlobalSection(SolutionProperties) = preSolution
		HideSolutionNode = FALSE
	EndGlobalSection
EndGlobal
