
Microsoft Visual Studio Solution File, Format Version 12.00
# Visual Studio 14
VisualStudioVersion = 14.0.23107.0
MinimumVisualStudioVersion = 10.0.40219.1
Project("{F184B08F-C81C-45F6-A57F-5ABD9991F28F}") = "MvvmCalculatorVMLib", "Samples\MvvmCalculator\MvvmCalculatorVMLib\MvvmCalculatorVMLib.vbproj", "{28C81964-A4D9-45E1-99FD-D9E6B47DBD52}"
EndProject
Project("{FAE04EC0-301F-11D3-BF4B-00C04F79EFBC}") = "MvvmCalculator", "Samples\MvvmCalculator\MvvmCalculator\MvvmCalculator.csproj", "{FFAD97A3-3F2C-42D3-A84C-E8EC093321B4}"
EndProject
Project("{FAE04EC0-301F-11D3-BF4B-00C04F79EFBC}") = "ModernMvvmCalculator", "Samples\MvvmCalculator\ModernMvvmCalculator\ModernMvvmCalculator.csproj", "{27218FF2-1569-4D50-9A9A-B4CA83986EA2}"
EndProject
Project("{2150E333-8FDC-42A3-9474-1A3956D46DE8}") = "ServiceLocators", "ServiceLocators", "{86B02634-7FED-4CD0-AC94-A4844D487F14}"
EndProject
Project("{F184B08F-C81C-45F6-A57F-5ABD9991F28F}") = "MvvmServiceLocatorBase", "MvvmFormsPlatformServices\Generic\MvvmServiceLocatorBase\MvvmServiceLocatorBase.vbproj", "{763B7EA9-D5D8-4F2D-AF92-FBF178EBB78B}"
EndProject
Project("{F184B08F-C81C-45F6-A57F-5ABD9991F28F}") = "UWP.MvvmServiceLocatorBase", "MvvmFormsPlatformServices\UWP\MvvmServiceLocatorBase\UWP.MvvmServiceLocatorBase.vbproj", "{821F27FF-8B35-4B5E-8414-F27DF95E1215}"
EndProject
Project("{F184B08F-C81C-45F6-A57F-5ABD9991F28F}") = "WinForms.MvvmServiceLocatorBase", "WinForms.MvvmServiceLocatorBase\WinForms.MvvmServiceLocatorBase.vbproj", "{3ECB24F2-31BB-4428-A4E8-0089590703F0}"
EndProject
Project("{F184B08F-C81C-45F6-A57F-5ABD9991F28F}") = "MvvmViewModelCalculatorTest", "Samples\MvvmCalculator\MvvmViewModelCalculatorTest\MvvmViewModelCalculatorTest.vbproj", "{E28975E4-A16B-4941-803A-3BABD35164F8}"
EndProject
Global
	GlobalSection(SolutionConfigurationPlatforms) = preSolution
		Debug|Any CPU = Debug|Any CPU
		Debug|ARM = Debug|ARM
		Debug|x64 = Debug|x64
		Debug|x86 = Debug|x86
		DebugWork|Any CPU = DebugWork|Any CPU
		DebugWork|ARM = DebugWork|ARM
		DebugWork|x64 = DebugWork|x64
		DebugWork|x86 = DebugWork|x86
		Release|Any CPU = Release|Any CPU
		Release|ARM = Release|ARM
		Release|x64 = Release|x64
		Release|x86 = Release|x86
	EndGlobalSection
	GlobalSection(ProjectConfigurationPlatforms) = postSolution
		{28C81964-A4D9-45E1-99FD-D9E6B47DBD52}.Debug|Any CPU.ActiveCfg = Debug|Any CPU
		{28C81964-A4D9-45E1-99FD-D9E6B47DBD52}.Debug|Any CPU.Build.0 = Debug|Any CPU
		{28C81964-A4D9-45E1-99FD-D9E6B47DBD52}.Debug|ARM.ActiveCfg = Debug|Any CPU
		{28C81964-A4D9-45E1-99FD-D9E6B47DBD52}.Debug|ARM.Build.0 = Debug|Any CPU
		{28C81964-A4D9-45E1-99FD-D9E6B47DBD52}.Debug|x64.ActiveCfg = Debug|Any CPU
		{28C81964-A4D9-45E1-99FD-D9E6B47DBD52}.Debug|x64.Build.0 = Debug|Any CPU
		{28C81964-A4D9-45E1-99FD-D9E6B47DBD52}.Debug|x86.ActiveCfg = Debug|Any CPU
		{28C81964-A4D9-45E1-99FD-D9E6B47DBD52}.Debug|x86.Build.0 = Debug|Any CPU
		{28C81964-A4D9-45E1-99FD-D9E6B47DBD52}.DebugWork|Any CPU.ActiveCfg = Debug|Any CPU
		{28C81964-A4D9-45E1-99FD-D9E6B47DBD52}.DebugWork|Any CPU.Build.0 = Debug|Any CPU
		{28C81964-A4D9-45E1-99FD-D9E6B47DBD52}.DebugWork|ARM.ActiveCfg = Debug|Any CPU
		{28C81964-A4D9-45E1-99FD-D9E6B47DBD52}.DebugWork|ARM.Build.0 = Debug|Any CPU
		{28C81964-A4D9-45E1-99FD-D9E6B47DBD52}.DebugWork|x64.ActiveCfg = Debug|Any CPU
		{28C81964-A4D9-45E1-99FD-D9E6B47DBD52}.DebugWork|x64.Build.0 = Debug|Any CPU
		{28C81964-A4D9-45E1-99FD-D9E6B47DBD52}.DebugWork|x86.ActiveCfg = Debug|Any CPU
		{28C81964-A4D9-45E1-99FD-D9E6B47DBD52}.DebugWork|x86.Build.0 = Debug|Any CPU
		{28C81964-A4D9-45E1-99FD-D9E6B47DBD52}.Release|Any CPU.ActiveCfg = Release|Any CPU
		{28C81964-A4D9-45E1-99FD-D9E6B47DBD52}.Release|Any CPU.Build.0 = Release|Any CPU
		{28C81964-A4D9-45E1-99FD-D9E6B47DBD52}.Release|ARM.ActiveCfg = Release|Any CPU
		{28C81964-A4D9-45E1-99FD-D9E6B47DBD52}.Release|ARM.Build.0 = Release|Any CPU
		{28C81964-A4D9-45E1-99FD-D9E6B47DBD52}.Release|x64.ActiveCfg = Release|Any CPU
		{28C81964-A4D9-45E1-99FD-D9E6B47DBD52}.Release|x64.Build.0 = Release|Any CPU
		{28C81964-A4D9-45E1-99FD-D9E6B47DBD52}.Release|x86.ActiveCfg = Release|Any CPU
		{28C81964-A4D9-45E1-99FD-D9E6B47DBD52}.Release|x86.Build.0 = Release|Any CPU
		{FFAD97A3-3F2C-42D3-A84C-E8EC093321B4}.Debug|Any CPU.ActiveCfg = Debug|Any CPU
		{FFAD97A3-3F2C-42D3-A84C-E8EC093321B4}.Debug|Any CPU.Build.0 = Debug|Any CPU
		{FFAD97A3-3F2C-42D3-A84C-E8EC093321B4}.Debug|ARM.ActiveCfg = Debug|Any CPU
		{FFAD97A3-3F2C-42D3-A84C-E8EC093321B4}.Debug|ARM.Build.0 = Debug|Any CPU
		{FFAD97A3-3F2C-42D3-A84C-E8EC093321B4}.Debug|x64.ActiveCfg = Debug|Any CPU
		{FFAD97A3-3F2C-42D3-A84C-E8EC093321B4}.Debug|x64.Build.0 = Debug|Any CPU
		{FFAD97A3-3F2C-42D3-A84C-E8EC093321B4}.Debug|x86.ActiveCfg = Debug|x86
		{FFAD97A3-3F2C-42D3-A84C-E8EC093321B4}.Debug|x86.Build.0 = Debug|x86
		{FFAD97A3-3F2C-42D3-A84C-E8EC093321B4}.DebugWork|Any CPU.ActiveCfg = Debug|Any CPU
		{FFAD97A3-3F2C-42D3-A84C-E8EC093321B4}.DebugWork|Any CPU.Build.0 = Debug|Any CPU
		{FFAD97A3-3F2C-42D3-A84C-E8EC093321B4}.DebugWork|ARM.ActiveCfg = Debug|Any CPU
		{FFAD97A3-3F2C-42D3-A84C-E8EC093321B4}.DebugWork|ARM.Build.0 = Debug|Any CPU
		{FFAD97A3-3F2C-42D3-A84C-E8EC093321B4}.DebugWork|x64.ActiveCfg = Debug|Any CPU
		{FFAD97A3-3F2C-42D3-A84C-E8EC093321B4}.DebugWork|x64.Build.0 = Debug|Any CPU
		{FFAD97A3-3F2C-42D3-A84C-E8EC093321B4}.DebugWork|x86.ActiveCfg = Debug|Any CPU
		{FFAD97A3-3F2C-42D3-A84C-E8EC093321B4}.DebugWork|x86.Build.0 = Debug|Any CPU
		{FFAD97A3-3F2C-42D3-A84C-E8EC093321B4}.Release|Any CPU.ActiveCfg = Release|Any CPU
		{FFAD97A3-3F2C-42D3-A84C-E8EC093321B4}.Release|Any CPU.Build.0 = Release|Any CPU
		{FFAD97A3-3F2C-42D3-A84C-E8EC093321B4}.Release|ARM.ActiveCfg = Release|Any CPU
		{FFAD97A3-3F2C-42D3-A84C-E8EC093321B4}.Release|ARM.Build.0 = Release|Any CPU
		{FFAD97A3-3F2C-42D3-A84C-E8EC093321B4}.Release|x64.ActiveCfg = Release|Any CPU
		{FFAD97A3-3F2C-42D3-A84C-E8EC093321B4}.Release|x64.Build.0 = Release|Any CPU
		{FFAD97A3-3F2C-42D3-A84C-E8EC093321B4}.Release|x86.ActiveCfg = Release|Any CPU
		{FFAD97A3-3F2C-42D3-A84C-E8EC093321B4}.Release|x86.Build.0 = Release|Any CPU
		{27218FF2-1569-4D50-9A9A-B4CA83986EA2}.Debug|Any CPU.ActiveCfg = Debug|x86
		{27218FF2-1569-4D50-9A9A-B4CA83986EA2}.Debug|Any CPU.Build.0 = Debug|x86
		{27218FF2-1569-4D50-9A9A-B4CA83986EA2}.Debug|Any CPU.Deploy.0 = Debug|x86
		{27218FF2-1569-4D50-9A9A-B4CA83986EA2}.Debug|ARM.ActiveCfg = Debug|ARM
		{27218FF2-1569-4D50-9A9A-B4CA83986EA2}.Debug|ARM.Build.0 = Debug|ARM
		{27218FF2-1569-4D50-9A9A-B4CA83986EA2}.Debug|ARM.Deploy.0 = Debug|ARM
		{27218FF2-1569-4D50-9A9A-B4CA83986EA2}.Debug|x64.ActiveCfg = Debug|x64
		{27218FF2-1569-4D50-9A9A-B4CA83986EA2}.Debug|x64.Build.0 = Debug|x64
		{27218FF2-1569-4D50-9A9A-B4CA83986EA2}.Debug|x64.Deploy.0 = Debug|x64
		{27218FF2-1569-4D50-9A9A-B4CA83986EA2}.Debug|x86.ActiveCfg = Debug|x86
		{27218FF2-1569-4D50-9A9A-B4CA83986EA2}.Debug|x86.Build.0 = Debug|x86
		{27218FF2-1569-4D50-9A9A-B4CA83986EA2}.Debug|x86.Deploy.0 = Debug|x86
		{27218FF2-1569-4D50-9A9A-B4CA83986EA2}.DebugWork|Any CPU.ActiveCfg = Release|x86
		{27218FF2-1569-4D50-9A9A-B4CA83986EA2}.DebugWork|Any CPU.Build.0 = Release|x86
		{27218FF2-1569-4D50-9A9A-B4CA83986EA2}.DebugWork|Any CPU.Deploy.0 = Release|x86
		{27218FF2-1569-4D50-9A9A-B4CA83986EA2}.DebugWork|ARM.ActiveCfg = Debug|ARM
		{27218FF2-1569-4D50-9A9A-B4CA83986EA2}.DebugWork|ARM.Build.0 = Debug|ARM
		{27218FF2-1569-4D50-9A9A-B4CA83986EA2}.DebugWork|ARM.Deploy.0 = Debug|ARM
		{27218FF2-1569-4D50-9A9A-B4CA83986EA2}.DebugWork|x64.ActiveCfg = Debug|x64
		{27218FF2-1569-4D50-9A9A-B4CA83986EA2}.DebugWork|x64.Build.0 = Debug|x64
		{27218FF2-1569-4D50-9A9A-B4CA83986EA2}.DebugWork|x64.Deploy.0 = Debug|x64
		{27218FF2-1569-4D50-9A9A-B4CA83986EA2}.DebugWork|x86.ActiveCfg = Debug|x86
		{27218FF2-1569-4D50-9A9A-B4CA83986EA2}.DebugWork|x86.Build.0 = Debug|x86
		{27218FF2-1569-4D50-9A9A-B4CA83986EA2}.DebugWork|x86.Deploy.0 = Debug|x86
		{27218FF2-1569-4D50-9A9A-B4CA83986EA2}.Release|Any CPU.ActiveCfg = Release|x86
		{27218FF2-1569-4D50-9A9A-B4CA83986EA2}.Release|ARM.ActiveCfg = Release|ARM
		{27218FF2-1569-4D50-9A9A-B4CA83986EA2}.Release|ARM.Build.0 = Release|ARM
		{27218FF2-1569-4D50-9A9A-B4CA83986EA2}.Release|ARM.Deploy.0 = Release|ARM
		{27218FF2-1569-4D50-9A9A-B4CA83986EA2}.Release|x64.ActiveCfg = Release|x64
		{27218FF2-1569-4D50-9A9A-B4CA83986EA2}.Release|x64.Build.0 = Release|x64
		{27218FF2-1569-4D50-9A9A-B4CA83986EA2}.Release|x64.Deploy.0 = Release|x64
		{27218FF2-1569-4D50-9A9A-B4CA83986EA2}.Release|x86.ActiveCfg = Release|x86
		{27218FF2-1569-4D50-9A9A-B4CA83986EA2}.Release|x86.Build.0 = Release|x86
		{27218FF2-1569-4D50-9A9A-B4CA83986EA2}.Release|x86.Deploy.0 = Release|x86
		{763B7EA9-D5D8-4F2D-AF92-FBF178EBB78B}.Debug|Any CPU.ActiveCfg = Debug|Any CPU
		{763B7EA9-D5D8-4F2D-AF92-FBF178EBB78B}.Debug|Any CPU.Build.0 = Debug|Any CPU
		{763B7EA9-D5D8-4F2D-AF92-FBF178EBB78B}.Debug|ARM.ActiveCfg = Debug|ARM
		{763B7EA9-D5D8-4F2D-AF92-FBF178EBB78B}.Debug|ARM.Build.0 = Debug|ARM
		{763B7EA9-D5D8-4F2D-AF92-FBF178EBB78B}.Debug|x64.ActiveCfg = Debug|Any CPU
		{763B7EA9-D5D8-4F2D-AF92-FBF178EBB78B}.Debug|x64.Build.0 = Debug|Any CPU
		{763B7EA9-D5D8-4F2D-AF92-FBF178EBB78B}.Debug|x86.ActiveCfg = Debug|Any CPU
		{763B7EA9-D5D8-4F2D-AF92-FBF178EBB78B}.Debug|x86.Build.0 = Debug|Any CPU
		{763B7EA9-D5D8-4F2D-AF92-FBF178EBB78B}.DebugWork|Any CPU.ActiveCfg = Debug|Any CPU
		{763B7EA9-D5D8-4F2D-AF92-FBF178EBB78B}.DebugWork|Any CPU.Build.0 = Debug|Any CPU
		{763B7EA9-D5D8-4F2D-AF92-FBF178EBB78B}.DebugWork|ARM.ActiveCfg = Debug|ARM
		{763B7EA9-D5D8-4F2D-AF92-FBF178EBB78B}.DebugWork|ARM.Build.0 = Debug|ARM
		{763B7EA9-D5D8-4F2D-AF92-FBF178EBB78B}.DebugWork|x64.ActiveCfg = Debug|Any CPU
		{763B7EA9-D5D8-4F2D-AF92-FBF178EBB78B}.DebugWork|x64.Build.0 = Debug|Any CPU
		{763B7EA9-D5D8-4F2D-AF92-FBF178EBB78B}.DebugWork|x86.ActiveCfg = Debug|Any CPU
		{763B7EA9-D5D8-4F2D-AF92-FBF178EBB78B}.DebugWork|x86.Build.0 = Debug|Any CPU
		{763B7EA9-D5D8-4F2D-AF92-FBF178EBB78B}.Release|Any CPU.ActiveCfg = Release|Any CPU
		{763B7EA9-D5D8-4F2D-AF92-FBF178EBB78B}.Release|Any CPU.Build.0 = Release|Any CPU
		{763B7EA9-D5D8-4F2D-AF92-FBF178EBB78B}.Release|ARM.ActiveCfg = Release|ARM
		{763B7EA9-D5D8-4F2D-AF92-FBF178EBB78B}.Release|ARM.Build.0 = Release|ARM
		{763B7EA9-D5D8-4F2D-AF92-FBF178EBB78B}.Release|x64.ActiveCfg = Release|Any CPU
		{763B7EA9-D5D8-4F2D-AF92-FBF178EBB78B}.Release|x64.Build.0 = Release|Any CPU
		{763B7EA9-D5D8-4F2D-AF92-FBF178EBB78B}.Release|x86.ActiveCfg = Release|Any CPU
		{763B7EA9-D5D8-4F2D-AF92-FBF178EBB78B}.Release|x86.Build.0 = Release|Any CPU
		{821F27FF-8B35-4B5E-8414-F27DF95E1215}.Debug|Any CPU.ActiveCfg = Debug|Any CPU
		{821F27FF-8B35-4B5E-8414-F27DF95E1215}.Debug|Any CPU.Build.0 = Debug|Any CPU
		{821F27FF-8B35-4B5E-8414-F27DF95E1215}.Debug|ARM.ActiveCfg = Debug|ARM
		{821F27FF-8B35-4B5E-8414-F27DF95E1215}.Debug|ARM.Build.0 = Debug|ARM
		{821F27FF-8B35-4B5E-8414-F27DF95E1215}.Debug|x64.ActiveCfg = Debug|x64
		{821F27FF-8B35-4B5E-8414-F27DF95E1215}.Debug|x64.Build.0 = Debug|x64
		{821F27FF-8B35-4B5E-8414-F27DF95E1215}.Debug|x86.ActiveCfg = Debug|x86
		{821F27FF-8B35-4B5E-8414-F27DF95E1215}.Debug|x86.Build.0 = Debug|x86
		{821F27FF-8B35-4B5E-8414-F27DF95E1215}.DebugWork|Any CPU.ActiveCfg = Debug|Any CPU
		{821F27FF-8B35-4B5E-8414-F27DF95E1215}.DebugWork|Any CPU.Build.0 = Debug|Any CPU
		{821F27FF-8B35-4B5E-8414-F27DF95E1215}.DebugWork|ARM.ActiveCfg = Debug|ARM
		{821F27FF-8B35-4B5E-8414-F27DF95E1215}.DebugWork|ARM.Build.0 = Debug|ARM
		{821F27FF-8B35-4B5E-8414-F27DF95E1215}.DebugWork|x64.ActiveCfg = Debug|x64
		{821F27FF-8B35-4B5E-8414-F27DF95E1215}.DebugWork|x64.Build.0 = Debug|x64
		{821F27FF-8B35-4B5E-8414-F27DF95E1215}.DebugWork|x86.ActiveCfg = Debug|x86
		{821F27FF-8B35-4B5E-8414-F27DF95E1215}.DebugWork|x86.Build.0 = Debug|x86
		{821F27FF-8B35-4B5E-8414-F27DF95E1215}.Release|Any CPU.ActiveCfg = Release|Any CPU
		{821F27FF-8B35-4B5E-8414-F27DF95E1215}.Release|Any CPU.Build.0 = Release|Any CPU
		{821F27FF-8B35-4B5E-8414-F27DF95E1215}.Release|ARM.ActiveCfg = Release|ARM
		{821F27FF-8B35-4B5E-8414-F27DF95E1215}.Release|ARM.Build.0 = Release|ARM
		{821F27FF-8B35-4B5E-8414-F27DF95E1215}.Release|x64.ActiveCfg = Release|x64
		{821F27FF-8B35-4B5E-8414-F27DF95E1215}.Release|x64.Build.0 = Release|x64
		{821F27FF-8B35-4B5E-8414-F27DF95E1215}.Release|x86.ActiveCfg = Release|x86
		{821F27FF-8B35-4B5E-8414-F27DF95E1215}.Release|x86.Build.0 = Release|x86
		{3ECB24F2-31BB-4428-A4E8-0089590703F0}.Debug|Any CPU.ActiveCfg = Debug|Any CPU
		{3ECB24F2-31BB-4428-A4E8-0089590703F0}.Debug|Any CPU.Build.0 = Debug|Any CPU
		{3ECB24F2-31BB-4428-A4E8-0089590703F0}.Debug|ARM.ActiveCfg = Debug|Any CPU
		{3ECB24F2-31BB-4428-A4E8-0089590703F0}.Debug|ARM.Build.0 = Debug|Any CPU
		{3ECB24F2-31BB-4428-A4E8-0089590703F0}.Debug|x64.ActiveCfg = Debug|Any CPU
		{3ECB24F2-31BB-4428-A4E8-0089590703F0}.Debug|x64.Build.0 = Debug|Any CPU
		{3ECB24F2-31BB-4428-A4E8-0089590703F0}.Debug|x86.ActiveCfg = Debug|Any CPU
		{3ECB24F2-31BB-4428-A4E8-0089590703F0}.Debug|x86.Build.0 = Debug|Any CPU
		{3ECB24F2-31BB-4428-A4E8-0089590703F0}.DebugWork|Any CPU.ActiveCfg = Debug|Any CPU
		{3ECB24F2-31BB-4428-A4E8-0089590703F0}.DebugWork|Any CPU.Build.0 = Debug|Any CPU
		{3ECB24F2-31BB-4428-A4E8-0089590703F0}.DebugWork|ARM.ActiveCfg = Debug|Any CPU
		{3ECB24F2-31BB-4428-A4E8-0089590703F0}.DebugWork|ARM.Build.0 = Debug|Any CPU
		{3ECB24F2-31BB-4428-A4E8-0089590703F0}.DebugWork|x64.ActiveCfg = Debug|Any CPU
		{3ECB24F2-31BB-4428-A4E8-0089590703F0}.DebugWork|x64.Build.0 = Debug|Any CPU
		{3ECB24F2-31BB-4428-A4E8-0089590703F0}.DebugWork|x86.ActiveCfg = Debug|Any CPU
		{3ECB24F2-31BB-4428-A4E8-0089590703F0}.DebugWork|x86.Build.0 = Debug|Any CPU
		{3ECB24F2-31BB-4428-A4E8-0089590703F0}.Release|Any CPU.ActiveCfg = Release|Any CPU
		{3ECB24F2-31BB-4428-A4E8-0089590703F0}.Release|Any CPU.Build.0 = Release|Any CPU
		{3ECB24F2-31BB-4428-A4E8-0089590703F0}.Release|ARM.ActiveCfg = Release|Any CPU
		{3ECB24F2-31BB-4428-A4E8-0089590703F0}.Release|ARM.Build.0 = Release|Any CPU
		{3ECB24F2-31BB-4428-A4E8-0089590703F0}.Release|x64.ActiveCfg = Release|Any CPU
		{3ECB24F2-31BB-4428-A4E8-0089590703F0}.Release|x64.Build.0 = Release|Any CPU
		{3ECB24F2-31BB-4428-A4E8-0089590703F0}.Release|x86.ActiveCfg = Release|Any CPU
		{3ECB24F2-31BB-4428-A4E8-0089590703F0}.Release|x86.Build.0 = Release|Any CPU
		{E28975E4-A16B-4941-803A-3BABD35164F8}.Debug|Any CPU.ActiveCfg = Debug|Any CPU
		{E28975E4-A16B-4941-803A-3BABD35164F8}.Debug|Any CPU.Build.0 = Debug|Any CPU
		{E28975E4-A16B-4941-803A-3BABD35164F8}.Debug|ARM.ActiveCfg = Debug|Any CPU
		{E28975E4-A16B-4941-803A-3BABD35164F8}.Debug|ARM.Build.0 = Debug|Any CPU
		{E28975E4-A16B-4941-803A-3BABD35164F8}.Debug|x64.ActiveCfg = Debug|Any CPU
		{E28975E4-A16B-4941-803A-3BABD35164F8}.Debug|x64.Build.0 = Debug|Any CPU
		{E28975E4-A16B-4941-803A-3BABD35164F8}.Debug|x86.ActiveCfg = Debug|Any CPU
		{E28975E4-A16B-4941-803A-3BABD35164F8}.Debug|x86.Build.0 = Debug|Any CPU
		{E28975E4-A16B-4941-803A-3BABD35164F8}.DebugWork|Any CPU.ActiveCfg = Debug|Any CPU
		{E28975E4-A16B-4941-803A-3BABD35164F8}.DebugWork|Any CPU.Build.0 = Debug|Any CPU
		{E28975E4-A16B-4941-803A-3BABD35164F8}.DebugWork|ARM.ActiveCfg = Debug|Any CPU
		{E28975E4-A16B-4941-803A-3BABD35164F8}.DebugWork|ARM.Build.0 = Debug|Any CPU
		{E28975E4-A16B-4941-803A-3BABD35164F8}.DebugWork|x64.ActiveCfg = Debug|Any CPU
		{E28975E4-A16B-4941-803A-3BABD35164F8}.DebugWork|x64.Build.0 = Debug|Any CPU
		{E28975E4-A16B-4941-803A-3BABD35164F8}.DebugWork|x86.ActiveCfg = Debug|Any CPU
		{E28975E4-A16B-4941-803A-3BABD35164F8}.DebugWork|x86.Build.0 = Debug|Any CPU
		{E28975E4-A16B-4941-803A-3BABD35164F8}.Release|Any CPU.ActiveCfg = Release|Any CPU
		{E28975E4-A16B-4941-803A-3BABD35164F8}.Release|Any CPU.Build.0 = Release|Any CPU
		{E28975E4-A16B-4941-803A-3BABD35164F8}.Release|ARM.ActiveCfg = Release|Any CPU
		{E28975E4-A16B-4941-803A-3BABD35164F8}.Release|ARM.Build.0 = Release|Any CPU
		{E28975E4-A16B-4941-803A-3BABD35164F8}.Release|x64.ActiveCfg = Release|Any CPU
		{E28975E4-A16B-4941-803A-3BABD35164F8}.Release|x64.Build.0 = Release|Any CPU
		{E28975E4-A16B-4941-803A-3BABD35164F8}.Release|x86.ActiveCfg = Release|Any CPU
		{E28975E4-A16B-4941-803A-3BABD35164F8}.Release|x86.Build.0 = Release|Any CPU
	EndGlobalSection
	GlobalSection(SolutionProperties) = preSolution
		HideSolutionNode = FALSE
	EndGlobalSection
	GlobalSection(NestedProjects) = preSolution
		{763B7EA9-D5D8-4F2D-AF92-FBF178EBB78B} = {86B02634-7FED-4CD0-AC94-A4844D487F14}
		{821F27FF-8B35-4B5E-8414-F27DF95E1215} = {86B02634-7FED-4CD0-AC94-A4844D487F14}
		{3ECB24F2-31BB-4428-A4E8-0089590703F0} = {86B02634-7FED-4CD0-AC94-A4844D487F14}
	EndGlobalSection
EndGlobal
